
Microsoft Visual Studio Solution File, Format Version 12.00
# Visual Studio Version 17
VisualStudioVersion = 17.7.34024.191
MinimumVisualStudioVersion = 10.0.40219.1
Project("{FAE04EC0-301F-11D3-BF4B-00C04F79EFBC}") = "Week8EpicGame", "Week8EpicGame\Week8EpicGame.csproj", "{0C1CCA2F-4A51-4A8A-8F3A-22372DE04A37}"
EndProject
Global
	GlobalSection(SolutionConfigurationPlatforms) = preSolution
		Debug|Any CPU = Debug|Any CPU
		Release|Any CPU = Release|Any CPU
	EndGlobalSection
	GlobalSection(ProjectConfigurationPlatforms) = postSolution
		{0C1CCA2F-4A51-4A8A-8F3A-22372DE04A37}.Debug|Any CPU.ActiveCfg = Debug|Any CPU
		{0C1CCA2F-4A51-4A8A-8F3A-22372DE04A37}.Debug|Any CPU.Build.0 = Debug|Any CPU
		{0C1CCA2F-4A51-4A8A-8F3A-22372DE04A37}.Release|Any CPU.ActiveCfg = Release|Any CPU
		{0C1CCA2F-4A51-4A8A-8F3A-22372DE04A37}.Release|Any CPU.Build.0 = Release|Any CPU
	EndGlobalSection
	GlobalSection(SolutionProperties) = preSolution
		HideSolutionNode = FALSE
	EndGlobalSection
	GlobalSection(ExtensibilityGlobals) = postSolution
		SolutionGuid = {5A83B621-2EBD-443D-B36D-E91392C9D283}
	EndGlobalSection
EndGlobal
